
Microsoft Visual Studio Solution File, Format Version 12.00
# Visual Studio Version 16
VisualStudioVersion = 16.0.31402.337
MinimumVisualStudioVersion = 10.0.40219.1
Project("{9A19103F-16F7-4668-BE54-9A1E7A4F7556}") = "T01", "T01.csproj", "{B0559C1A-C38B-4B12-8E9A-9DA8D84CA019}"
EndProject
Global
	GlobalSection(SolutionConfigurationPlatforms) = preSolution
		Debug|Any CPU = Debug|Any CPU
		Release|Any CPU = Release|Any CPU
	EndGlobalSection
	GlobalSection(ProjectConfigurationPlatforms) = postSolution
		{B0559C1A-C38B-4B12-8E9A-9DA8D84CA019}.Debug|Any CPU.ActiveCfg = Debug|Any CPU
		{B0559C1A-C38B-4B12-8E9A-9DA8D84CA019}.Debug|Any CPU.Build.0 = Debug|Any CPU
		{B0559C1A-C38B-4B12-8E9A-9DA8D84CA019}.Release|Any CPU.ActiveCfg = Release|Any CPU
		{B0559C1A-C38B-4B12-8E9A-9DA8D84CA019}.Release|Any CPU.Build.0 = Release|Any CPU
	EndGlobalSection
	GlobalSection(SolutionProperties) = preSolution
		HideSolutionNode = FALSE
	EndGlobalSection
	GlobalSection(ExtensibilityGlobals) = postSolution
		SolutionGuid = {5BD17074-1D60-44C1-9B1F-124D9386F9BF}
	EndGlobalSection
EndGlobal
